{
    "_readme": [
        "This file locks the dependencies of your project to a known state",
        "Read more about it at https://getcomposer.org/doc/01-basic-usage.md#installing-dependencies",
        "This file is @generated automatically"
    ],
    "content-hash": "767eb3dd44e4512bd5f94508f5f11e2c",
    "packages": [
        {
            "name": "agungdhewe/phplogger",
            "version": "v1.1.4",
            "source": {
                "type": "git",
                "url": "https://github.com/agungdhewe/phplogger.git",
                "reference": "37bdef4841e29b7bfaa60c85f0b46a671eebbbcf"
            },
            "dist": {
                "type": "zip",
                "url": "https://api.github.com/repos/agungdhewe/phplogger/zipball/37bdef4841e29b7bfaa60c85f0b46a671eebbbcf",
                "reference": "37bdef4841e29b7bfaa60c85f0b46a671eebbbcf",
                "shasum": ""
            },
            "require": {
                "php": "^8.3"
            },
            "type": "library",
            "autoload": {
                "psr-4": {
                    "AgungDhewe\\PhpLogger\\": "src/"
                }
            },
            "notification-url": "https://packagist.org/downloads/",
            "license": [
                "GPL-3.0-or-later"
            ],
            "authors": [
                {
                    "name": "Agung Nugroho",
                    "email": "agung.dhewe@gmail.com"
                }
            ],
            "description": "logger untuk PHP",
            "support": {
                "issues": "https://github.com/agungdhewe/phplogger/issues",
                "source": "https://github.com/agungdhewe/phplogger/tree/v1.1.4"
            },
            "time": "2024-11-05T04:44:10+00:00"
        },
        {
            "name": "agungdhewe/phpsqlutil",
            "version": "v1.2.2",
            "source": {
                "type": "git",
                "url": "https://github.com/agungdhewe/phpsqlutil.git",
                "reference": "fc24fa403f7eb954a2e0f7f3d0951ecb6dbbb443"
            },
            "dist": {
                "type": "zip",
                "url": "https://api.github.com/repos/agungdhewe/phpsqlutil/zipball/fc24fa403f7eb954a2e0f7f3d0951ecb6dbbb443",
                "reference": "fc24fa403f7eb954a2e0f7f3d0951ecb6dbbb443",
                "shasum": ""
            },
            "require": {
                "php": "^8.3"
            },
            "type": "library",
            "autoload": {
                "psr-4": {
                    "AgungDhewe\\PhpSqlUtil\\": "src/"
                }
            },
            "notification-url": "https://packagist.org/downloads/",
            "license": [
                "GPL-3.0-or-later"
            ],
            "authors": [
                {
                    "name": "Agung Nugroho",
                    "email": "agung.dhewe@gmail.com"
                }
            ],
            "description": "Utility for create SQL insert, update and delete",
            "support": {
                "issues": "https://github.com/agungdhewe/phpsqlutil/issues",
                "source": "https://github.com/agungdhewe/phpsqlutil/tree/v1.2.2"
            },
            "time": "2024-10-16T13:21:54+00:00"
        },
        {
            "name": "agungdhewe/webservice",
            "version": "dev-dw-pc-office",
            "dist": {
                "type": "path",
                "url": "plugins/agungdhewe/webservice",
                "reference": "eeea57d4864f84433845c3370a2d28b02e4c921f"
            },
            "require": {
                "agungdhewe/phplogger": "^1.1",
                "agungdhewe/phpsqlutil": "^1.2",
                "php": "^8.3"
            },
            "type": "library",
            "autoload": {
                "psr-4": {
                    "AgungDhewe\\Webservice\\": "src/"
                }
            },
            "license": [
                "GPL-3.0-or-later"
            ],
            "authors": [
                {
                    "name": "Agung Nugroho",
                    "email": "agung.dhewe@gmail.com"
                }
            ],
            "description": "Library webservice untuk membangun platform web (web api, web page, web apps)",
            "transport-options": {
                "symlink": true,
                "relative": true
            }
        }
    ],
    "packages-dev": [],
    "aliases": [],
    "minimum-stability": "stable",
    "stability-flags": {
        "agungdhewe/webservice": 20
    },
    "prefer-stable": false,
    "prefer-lowest": false,
    "platform": {
        "php": "^8.3"
    },
    "platform-dev": [],
    "plugin-api-version": "2.2.0"
}
